
Microsoft Visual Studio Solution File, Format Version 12.00
Project("{FAE04EC0-301F-11D3-BF4B-00C04F79EFBC}") = "MemesApi", "MemesApi\MemesApi.csproj", "{F7DE6010-0DE7-4F9F-877F-1D5484F65A09}"
EndProject
Project("{FAE04EC0-301F-11D3-BF4B-00C04F79EFBC}") = "TestForMemesApi", "TestForMemesApi\TestForMemesApi.csproj", "{BEFCBF49-B313-463A-BBC2-17304D506639}"
EndProject
Global
	GlobalSection(SolutionConfigurationPlatforms) = preSolution
		Debug|Any CPU = Debug|Any CPU
		Release|Any CPU = Release|Any CPU
	EndGlobalSection
	GlobalSection(ProjectConfigurationPlatforms) = postSolution
		{F7DE6010-0DE7-4F9F-877F-1D5484F65A09}.Debug|Any CPU.ActiveCfg = Debug|Any CPU
		{F7DE6010-0DE7-4F9F-877F-1D5484F65A09}.Debug|Any CPU.Build.0 = Debug|Any CPU
		{F7DE6010-0DE7-4F9F-877F-1D5484F65A09}.Release|Any CPU.ActiveCfg = Release|Any CPU
		{F7DE6010-0DE7-4F9F-877F-1D5484F65A09}.Release|Any CPU.Build.0 = Release|Any CPU
		{BEFCBF49-B313-463A-BBC2-17304D506639}.Debug|Any CPU.ActiveCfg = Debug|Any CPU
		{BEFCBF49-B313-463A-BBC2-17304D506639}.Debug|Any CPU.Build.0 = Debug|Any CPU
		{BEFCBF49-B313-463A-BBC2-17304D506639}.Release|Any CPU.ActiveCfg = Release|Any CPU
		{BEFCBF49-B313-463A-BBC2-17304D506639}.Release|Any CPU.Build.0 = Release|Any CPU
	EndGlobalSection
EndGlobal
